// !$*UTF8*$!
{
	archiveVersion = 1;
	classes = {
	};
	objectVersion = 48;
	objects = {

/* Begin PBXBuildFile section */
		2985583020C85CC500B2569D /* AppDelegate.swift in Sources */ = {isa = PBXBuildFile; fileRef = 2985582F20C85CC500B2569D /* AppDelegate.swift */; };
		2985583220C85CC500B2569D /* GetErDoneViewController.swift in Sources */ = {isa = PBXBuildFile; fileRef = 2985583120C85CC500B2569D /* GetErDoneViewController.swift */; };
		2985583520C85CC500B2569D /* Main.storyboard in Resources */ = {isa = PBXBuildFile; fileRef = 2985583320C85CC500B2569D /* Main.storyboard */; };
		2985583720C85CC500B2569D /* Assets.xcassets in Resources */ = {isa = PBXBuildFile; fileRef = 2985583620C85CC500B2569D /* Assets.xcassets */; };
		2985583A20C85CC500B2569D /* LaunchScreen.storyboard in Resources */ = {isa = PBXBuildFile; fileRef = 2985583820C85CC500B2569D /* LaunchScreen.storyboard */; };
		299575E820CB0A650025656F /* Item.swift in Sources */ = {isa = PBXBuildFile; fileRef = 299575E720CB0A650025656F /* Item.swift */; };
/* End PBXBuildFile section */

/* Begin PBXFileReference section */
		2985582C20C85CC500B2569D /* GetErDone.app */ = {isa = PBXFileReference; explicitFileType = wrapper.application; includeInIndex = 0; path = GetErDone.app; sourceTree = BUILT_PRODUCTS_DIR; };
		2985582F20C85CC500B2569D /* AppDelegate.swift */ = {isa = PBXFileReference; lastKnownFileType = sourcecode.swift; path = AppDelegate.swift; sourceTree = "<group>"; };
		2985583120C85CC500B2569D /* GetErDoneViewController.swift */ = {isa = PBXFileReference; lastKnownFileType = sourcecode.swift; path = GetErDoneViewController.swift; sourceTree = "<group>"; };
		2985583420C85CC500B2569D /* Base */ = {isa = PBXFileReference; lastKnownFileType = file.storyboard; name = Base; path = Base.lproj/Main.storyboard; sourceTree = "<group>"; };
		2985583620C85CC500B2569D /* Assets.xcassets */ = {isa = PBXFileReference; lastKnownFileType = folder.assetcatalog; path = Assets.xcassets; sourceTree = "<group>"; };
		2985583920C85CC500B2569D /* Base */ = {isa = PBXFileReference; lastKnownFileType = file.storyboard; name = Base; path = Base.lproj/LaunchScreen.storyboard; sourceTree = "<group>"; };
		2985583B20C85CC500B2569D /* Info.plist */ = {isa = PBXFileReference; lastKnownFileType = text.plist.xml; path = Info.plist; sourceTree = "<group>"; };
		299575E720CB0A650025656F /* Item.swift */ = {isa = PBXFileReference; lastKnownFileType = sourcecode.swift; path = Item.swift; sourceTree = "<group>"; };
/* End PBXFileReference section */

/* Begin PBXFrameworksBuildPhase section */
		2985582920C85CC500B2569D /* Frameworks */ = {
			isa = PBXFrameworksBuildPhase;
			buildActionMask = 2147483647;
			files = (
			);
			runOnlyForDeploymentPostprocessing = 0;
		};
/* End PBXFrameworksBuildPhase section */

/* Begin PBXGroup section */
		2985582320C85CC500B2569D = {
			isa = PBXGroup;
			children = (
				2985582E20C85CC500B2569D /* GetErDone */,
				2985582D20C85CC500B2569D /* Products */,
			);
			sourceTree = "<group>";
		};
		2985582D20C85CC500B2569D /* Products */ = {
			isa = PBXGroup;
			children = (
				2985582C20C85CC500B2569D /* GetErDone.app */,
			);
			name = Products;
			sourceTree = "<group>";
		};
		2985582E20C85CC500B2569D /* GetErDone */ = {
			isa = PBXGroup;
			children = (
				2985582F20C85CC500B2569D /* AppDelegate.swift */,
				299575EB20CB0AB60025656F /* Controllers */,
				299575E920CB0A830025656F /* Data Model */,
				299575EA20CB0A9D0025656F /* Views */,
				2985583620C85CC500B2569D /* Assets.xcassets */,
				2985583820C85CC500B2569D /* LaunchScreen.storyboard */,
				2985583B20C85CC500B2569D /* Info.plist */,
			);
			path = GetErDone;
			sourceTree = "<group>";
		};
		299575E920CB0A830025656F /* Data Model */ = {
			isa = PBXGroup;
			children = (
				299575E720CB0A650025656F /* Item.swift */,
			);
			path = "Data Model";
			sourceTree = "<group>";
		};
		299575EA20CB0A9D0025656F /* Views */ = {
			isa = PBXGroup;
			children = (
				2985583320C85CC500B2569D /* Main.storyboard */,
			);
			path = Views;
			sourceTree = "<group>";
		};
		299575EB20CB0AB60025656F /* Controllers */ = {
			isa = PBXGroup;
			children = (
				2985583120C85CC500B2569D /* GetErDoneViewController.swift */,
			);
			path = Controllers;
			sourceTree = "<group>";
		};
/* End PBXGroup section */

/* Begin PBXNativeTarget section */
		2985582B20C85CC500B2569D /* GetErDone */ = {
			isa = PBXNativeTarget;
			buildConfigurationList = 2985583E20C85CC500B2569D /* Build configuration list for PBXNativeTarget "GetErDone" */;
			buildPhases = (
				2985582820C85CC500B2569D /* Sources */,
				2985582920C85CC500B2569D /* Frameworks */,
				2985582A20C85CC500B2569D /* Resources */,
			);
			buildRules = (
			);
			dependencies = (
			);
			name = GetErDone;
			productName = GetErDone;
			productReference = 2985582C20C85CC500B2569D /* GetErDone.app */;
			productType = "com.apple.product-type.application";
		};
/* End PBXNativeTarget section */

/* Begin PBXProject section */
		2985582420C85CC500B2569D /* Project object */ = {
			isa = PBXProject;
			attributes = {
				LastSwiftUpdateCheck = 0920;
				LastUpgradeCheck = 0920;
				ORGANIZATIONNAME = "Steven Nguyen";
				TargetAttributes = {
					2985582B20C85CC500B2569D = {
						CreatedOnToolsVersion = 9.2;
						ProvisioningStyle = Automatic;
					};
				};
			};
			buildConfigurationList = 2985582720C85CC500B2569D /* Build configuration list for PBXProject "GetErDone" */;
			compatibilityVersion = "Xcode 8.0";
			developmentRegion = en;
			hasScannedForEncodings = 0;
			knownRegions = (
				en,
				Base,
			);
			mainGroup = 2985582320C85CC500B2569D;
			productRefGroup = 2985582D20C85CC500B2569D /* Products */;
			projectDirPath = "";
			projectRoot = "";
			targets = (
				2985582B20C85CC500B2569D /* GetErDone */,
			);
		};
/* End PBXProject section */

/* Begin PBXResourcesBuildPhase section */
		2985582A20C85CC500B2569D /* Resources */ = {
			isa = PBXResourcesBuildPhase;
			buildActionMask = 2147483647;
			files = (
				2985583A20C85CC500B2569D /* LaunchScreen.storyboard in Resources */,
				2985583720C85CC500B2569D /* Assets.xcassets in Resources */,
				2985583520C85CC500B2569D /* Main.storyboard in Resources */,
			);
			runOnlyForDeploymentPostprocessing = 0;
		};
/* End PBXResourcesBuildPhase section */

/* Begin PBXSourcesBuildPhase section */
		2985582820C85CC500B2569D /* Sources */ = {
			isa = PBXSourcesBuildPhase;
			buildActionMask = 2147483647;
			files = (
				2985583220C85CC500B2569D /* GetErDoneViewController.swift in Sources */,
				299575E820CB0A650025656F /* Item.swift in Sources */,
				2985583020C85CC500B2569D /* AppDelegate.swift in Sources */,
			);
			runOnlyForDeploymentPostprocessing = 0;
		};
/* End PBXSourcesBuildPhase section */

/* Begin PBXVariantGroup section */
		2985583320C85CC500B2569D /* Main.storyboard */ = {
			isa = PBXVariantGroup;
			children = (
				2985583420C85CC500B2569D /* Base */,
			);
			name = Main.storyboard;
			sourceTree = "<group>";
		};
		2985583820C85CC500B2569D /* LaunchScreen.storyboard */ = {
			isa = PBXVariantGroup;
			children = (
				2985583920C85CC500B2569D /* Base */,
			);
			name = LaunchScreen.storyboard;
			sourceTree = "<group>";
		};
/* End PBXVariantGroup section */

/* Begin XCBuildConfiguration section */
		2985583C20C85CC500B2569D /* Debug */ = {
			isa = XCBuildConfiguration;
			buildSettings = {
				ALWAYS_SEARCH_USER_PATHS = NO;
				CLANG_ANALYZER_NONNULL = YES;
				CLANG_ANALYZER_NUMBER_OBJECT_CONVERSION = YES_AGGRESSIVE;
				CLANG_CXX_LANGUAGE_STANDARD = "gnu++14";
				CLANG_CXX_LIBRARY = "libc++";
				CLANG_ENABLE_MODULES = YES;
				CLANG_ENABLE_OBJC_ARC = YES;
				CLANG_WARN_BLOCK_CAPTURE_AUTORELEASING = YES;
				CLANG_WARN_BOOL_CONVERSION = YES;
				CLANG_WARN_COMMA = YES;
				CLANG_WARN_CONSTANT_CONVERSION = YES;
				CLANG_WARN_DIRECT_OBJC_ISA_USAGE = YES_ERROR;
				CLANG_WARN_DOCUMENTATION_COMMENTS = YES;
				CLANG_WARN_EMPTY_BODY = YES;
				CLANG_WARN_ENUM_CONVERSION = YES;
				CLANG_WARN_INFINITE_RECURSION = YES;
				CLANG_WARN_INT_CONVERSION = YES;
				CLANG_WARN_NON_LITERAL_NULL_CONVERSION = YES;
				CLANG_WARN_OBJC_LITERAL_CONVERSION = YES;
				CLANG_WARN_OBJC_ROOT_CLASS = YES_ERROR;
				CLANG_WARN_RANGE_LOOP_ANALYSIS = YES;
				CLANG_WARN_STRICT_PROTOTYPES = YES;
				CLANG_WARN_SUSPICIOUS_MOVE = YES;
				CLANG_WARN_UNGUARDED_AVAILABILITY = YES_AGGRESSIVE;
				CLANG_WARN_UNREACHABLE_CODE = YES;
				CLANG_WARN__DUPLICATE_METHOD_MATCH = YES;
				CODE_SIGN_IDENTITY = "iPhone Developer";
				COPY_PHASE_STRIP = NO;
				DEBUG_INFORMATION_FORMAT = dwarf;
				ENABLE_STRICT_OBJC_MSGSEND = YES;
				ENABLE_TESTABILITY = YES;
				GCC_C_LANGUAGE_STANDARD = gnu11;
				GCC_DYNAMIC_NO_PIC = NO;
				GCC_NO_COMMON_BLOCKS = YES;
				GCC_OPTIMIZATION_LEVEL = 0;
				GCC_PREPROCESSOR_DEFINITIONS = (
					"DEBUG=1",
					"$(inherited)",
				);
				GCC_WARN_64_TO_32_BIT_CONVERSION = YES;
				GCC_WARN_ABOUT_RETURN_TYPE = YES_ERROR;
				GCC_WARN_UNDECLARED_SELECTOR = YES;
				GCC_WARN_UNINITIALIZED_AUTOS = YES_AGGRESSIVE;
				GCC_WARN_UNUSED_FUNCTION = YES;
				GCC_WARN_UNUSED_VARIABLE = YES;
				IPHONEOS_DEPLOYMENT_TARGET = 11.2;
				MTL_ENABLE_DEBUG_INFO = YES;
				ONLY_ACTIVE_ARCH = YES;
				SDKROOT = iphoneos;
				SWIFT_ACTIVE_COMPILATION_CONDITIONS = DEBUG;
				SWIFT_OPTIMIZATION_LEVEL = "-Onone";
			};
			name = Debug;
		};
		2985583D20C85CC500B2569D /* Release */ = {
			isa = XCBuildConfiguration;
			buildSettings = {
				ALWAYS_SEARCH_USER_PATHS = NO;
				CLANG_ANALYZER_NONNULL = YES;
				CLANG_ANALYZER_NUMBER_OBJECT_CONVERSION = YES_AGGRESSIVE;
				CLANG_CXX_LANGUAGE_STANDARD = "gnu++14";
				CLANG_CXX_LIBRARY = "libc++";
				CLANG_ENABLE_MODULES = YES;
				CLANG_ENABLE_OBJC_ARC = YES;
				CLANG_WARN_BLOCK_CAPTURE_AUTORELEASING = YES;
				CLANG_WARN_BOOL_CONVERSION = YES;
				CLANG_WARN_COMMA = YES;
				CLANG_WARN_CONSTANT_CONVERSION = YES;
				CLANG_WARN_DIRECT_OBJC_ISA_USAGE = YES_ERROR;
				CLANG_WARN_DOCUMENTATION_COMMENTS = YES;
				CLANG_WARN_EMPTY_BODY = YES;
				CLANG_WARN_ENUM_CONVERSION = YES;
				CLANG_WARN_INFINITE_RECURSION = YES;
				CLANG_WARN_INT_CONVERSION = YES;
				CLANG_WARN_NON_LITERAL_NULL_CONVERSION = YES;
				CLANG_WARN_OBJC_LITERAL_CONVERSION = YES;
				CLANG_WARN_OBJC_ROOT_CLASS = YES_ERROR;
				CLANG_WARN_RANGE_LOOP_ANALYSIS = YES;
				CLANG_WARN_STRICT_PROTOTYPES = YES;
				CLANG_WARN_SUSPICIOUS_MOVE = YES;
				CLANG_WARN_UNGUARDED_AVAILABILITY = YES_AGGRESSIVE;
				CLANG_WARN_UNREACHABLE_CODE = YES;
				CLANG_WARN__DUPLICATE_METHOD_MATCH = YES;
				CODE_SIGN_IDENTITY = "iPhone Developer";
				COPY_PHASE_STRIP = NO;
				DEBUG_INFORMATION_FORMAT = "dwarf-with-dsym";
				ENABLE_NS_ASSERTIONS = NO;
				ENABLE_STRICT_OBJC_MSGSEND = YES;
				GCC_C_LANGUAGE_STANDARD = gnu11;
				GCC_NO_COMMON_BLOCKS = YES;
				GCC_WARN_64_TO_32_BIT_CONVERSION = YES;
				GCC_WARN_ABOUT_RETURN_TYPE = YES_ERROR;
				GCC_WARN_UNDECLARED_SELECTOR = YES;
				GCC_WARN_UNINITIALIZED_AUTOS = YES_AGGRESSIVE;
				GCC_WARN_UNUSED_FUNCTION = YES;
				GCC_WARN_UNUSED_VARIABLE = YES;
				IPHONEOS_DEPLOYMENT_TARGET = 11.2;
				MTL_ENABLE_DEBUG_INFO = NO;
				SDKROOT = iphoneos;
				SWIFT_OPTIMIZATION_LEVEL = "-Owholemodule";
				VALIDATE_PRODUCT = YES;
			};
			name = Release;
		};
		2985583F20C85CC500B2569D /* Debug */ = {
			isa = XCBuildConfiguration;
			buildSettings = {
				ASSETCATALOG_COMPILER_APPICON_NAME = AppIcon;
				CODE_SIGN_STYLE = Automatic;
				INFOPLIST_FILE = GetErDone/Info.plist;
				LD_RUNPATH_SEARCH_PATHS = "$(inherited) @executable_path/Frameworks";
				PRODUCT_BUNDLE_IDENTIFIER = com.stevennguyen.GetErDone;
				PRODUCT_NAME = "$(TARGET_NAME)";
				SWIFT_VERSION = 4.0;
				TARGETED_DEVICE_FAMILY = "1,2";
			};
			name = Debug;
		};
		2985584020C85CC500B2569D /* Release */ = {
			isa = XCBuildConfiguration;
			buildSettings = {
				ASSETCATALOG_COMPILER_APPICON_NAME = AppIcon;
				CODE_SIGN_STYLE = Automatic;
				INFOPLIST_FILE = GetErDone/Info.plist;
				LD_RUNPATH_SEARCH_PATHS = "$(inherited) @executable_path/Frameworks";
				PRODUCT_BUNDLE_IDENTIFIER = com.stevennguyen.GetErDone;
				PRODUCT_NAME = "$(TARGET_NAME)";
				SWIFT_VERSION = 4.0;
				TARGETED_DEVICE_FAMILY = "1,2";
			};
			name = Release;
		};
/* End XCBuildConfiguration section */

/* Begin XCConfigurationList section */
		2985582720C85CC500B2569D /* Build configuration list for PBXProject "GetErDone" */ = {
			isa = XCConfigurationList;
			buildConfigurations = (
				2985583C20C85CC500B2569D /* Debug */,
				2985583D20C85CC500B2569D /* Release */,
			);
			defaultConfigurationIsVisible = 0;
			defaultConfigurationName = Release;
		};
		2985583E20C85CC500B2569D /* Build configuration list for PBXNativeTarget "GetErDone" */ = {
			isa = XCConfigurationList;
			buildConfigurations = (
				2985583F20C85CC500B2569D /* Debug */,
				2985584020C85CC500B2569D /* Release */,
			);
			defaultConfigurationIsVisible = 0;
			defaultConfigurationName = Release;
		};
/* End XCConfigurationList section */
	};
	rootObject = 2985582420C85CC500B2569D /* Project object */;
}
